// !$*UTF8*$!
{
	archiveVersion = 1;
	classes = {
	};
	objectVersion = 55;
	objects = {

/* Begin PBXBuildFile section */
		CC3ACE652E6E88B700F63EA6 /* Trench_AssistantApp.swift in Sources */ = {isa = PBXBuildFile; fileRef = CC3ACE642E6E88B700F63EA6 /* Trench_AssistantApp.swift */; };
		CC3ACE672E6E88B700F63EA6 /* ContentView.swift in Sources */ = {isa = PBXBuildFile; fileRef = CC3ACE662E6E88B700F63EA6 /* ContentView.swift */; };
		CC3ACE692E6E88BA00F63EA6 /* Assets.xcassets in Resources */ = {isa = PBXBuildFile; fileRef = CC3ACE682E6E88BA00F63EA6 /* Assets.xcassets */; };
		CC3ACE6C2E6E88BA00F63EA6 /* Preview Assets.xcassets in Resources */ = {isa = PBXBuildFile; fileRef = CC3ACE6B2E6E88BA00F63EA6 /* Preview Assets.xcassets */; };
		CC3ACE762E6E88BA00F63EA6 /* Trench_AssistantTests.swift in Sources */ = {isa = PBXBuildFile; fileRef = CC3ACE752E6E88BA00F63EA6 /* Trench_AssistantTests.swift */; };
		CC3ACE802E6E88BA00F63EA6 /* Trench_AssistantUITests.swift in Sources */ = {isa = PBXBuildFile; fileRef = CC3ACE7F2E6E88BA00F63EA6 /* Trench_AssistantUITests.swift */; };
		CC3ACE822E6E88BA00F63EA6 /* Trench_AssistantUITestsLaunchTests.swift in Sources */ = {isa = PBXBuildFile; fileRef = CC3ACE812E6E88BA00F63EA6 /* Trench_AssistantUITestsLaunchTests.swift */; };
		CC3ACE8F2E6E88F600F63EA6 /* DiceEngine.swift in Sources */ = {isa = PBXBuildFile; fileRef = CC3ACE8E2E6E88F500F63EA6 /* DiceEngine.swift */; };
/* End PBXBuildFile section */

/* Begin PBXContainerItemProxy section */
		CC3ACE722E6E88BA00F63EA6 /* PBXContainerItemProxy */ = {
			isa = PBXContainerItemProxy;
			containerPortal = CC3ACE592E6E88B700F63EA6 /* Project object */;
			proxyType = 1;
			remoteGlobalIDString = CC3ACE602E6E88B700F63EA6;
			remoteInfo = "Trench Assistant";
		};
		CC3ACE7C2E6E88BA00F63EA6 /* PBXContainerItemProxy */ = {
			isa = PBXContainerItemProxy;
			containerPortal = CC3ACE592E6E88B700F63EA6 /* Project object */;
			proxyType = 1;
			remoteGlobalIDString = CC3ACE602E6E88B700F63EA6;
			remoteInfo = "Trench Assistant";
		};
/* End PBXContainerItemProxy section */

/* Begin PBXFileReference section */
		CC3ACE612E6E88B700F63EA6 /* Trench Assistant.app */ = {isa = PBXFileReference; explicitFileType = wrapper.application; includeInIndex = 0; path = "Trench Assistant.app"; sourceTree = BUILT_PRODUCTS_DIR; };
		CC3ACE642E6E88B700F63EA6 /* Trench_AssistantApp.swift */ = {isa = PBXFileReference; lastKnownFileType = sourcecode.swift; path = Trench_AssistantApp.swift; sourceTree = "<group>"; };
		CC3ACE662E6E88B700F63EA6 /* ContentView.swift */ = {isa = PBXFileReference; lastKnownFileType = sourcecode.swift; path = ContentView.swift; sourceTree = "<group>"; };
		CC3ACE682E6E88BA00F63EA6 /* Assets.xcassets */ = {isa = PBXFileReference; lastKnownFileType = folder.assetcatalog; path = Assets.xcassets; sourceTree = "<group>"; };
		CC3ACE6B2E6E88BA00F63EA6 /* Preview Assets.xcassets */ = {isa = PBXFileReference; lastKnownFileType = folder.assetcatalog; path = "Preview Assets.xcassets"; sourceTree = "<group>"; };
		CC3ACE712E6E88BA00F63EA6 /* Trench AssistantTests.xctest */ = {isa = PBXFileReference; explicitFileType = wrapper.cfbundle; includeInIndex = 0; path = "Trench AssistantTests.xctest"; sourceTree = BUILT_PRODUCTS_DIR; };
		CC3ACE752E6E88BA00F63EA6 /* Trench_AssistantTests.swift */ = {isa = PBXFileReference; lastKnownFileType = sourcecode.swift; path = Trench_AssistantTests.swift; sourceTree = "<group>"; };
		CC3ACE7B2E6E88BA00F63EA6 /* Trench AssistantUITests.xctest */ = {isa = PBXFileReference; explicitFileType = wrapper.cfbundle; includeInIndex = 0; path = "Trench AssistantUITests.xctest"; sourceTree = BUILT_PRODUCTS_DIR; };
		CC3ACE7F2E6E88BA00F63EA6 /* Trench_AssistantUITests.swift */ = {isa = PBXFileReference; lastKnownFileType = sourcecode.swift; path = Trench_AssistantUITests.swift; sourceTree = "<group>"; };
		CC3ACE812E6E88BA00F63EA6 /* Trench_AssistantUITestsLaunchTests.swift */ = {isa = PBXFileReference; lastKnownFileType = sourcecode.swift; path = Trench_AssistantUITestsLaunchTests.swift; sourceTree = "<group>"; };
		CC3ACE8E2E6E88F500F63EA6 /* DiceEngine.swift */ = {isa = PBXFileReference; lastKnownFileType = sourcecode.swift; path = DiceEngine.swift; sourceTree = "<group>"; };
/* End PBXFileReference section */

/* Begin PBXFrameworksBuildPhase section */
		CC3ACE5E2E6E88B700F63EA6 /* Frameworks */ = {
			isa = PBXFrameworksBuildPhase;
			buildActionMask = 2147483647;
			files = (
			);
			runOnlyForDeploymentPostprocessing = 0;
		};
		CC3ACE6E2E6E88BA00F63EA6 /* Frameworks */ = {
			isa = PBXFrameworksBuildPhase;
			buildActionMask = 2147483647;
			files = (
			);
			runOnlyForDeploymentPostprocessing = 0;
		};
		CC3ACE782E6E88BA00F63EA6 /* Frameworks */ = {
			isa = PBXFrameworksBuildPhase;
			buildActionMask = 2147483647;
			files = (
			);
			runOnlyForDeploymentPostprocessing = 0;
		};
/* End PBXFrameworksBuildPhase section */

/* Begin PBXGroup section */
		CC3ACE582E6E88B700F63EA6 = {
			isa = PBXGroup;
			children = (
				CC3ACE632E6E88B700F63EA6 /* Trench Assistant */,
				CC3ACE742E6E88BA00F63EA6 /* Trench AssistantTests */,
				CC3ACE7E2E6E88BA00F63EA6 /* Trench AssistantUITests */,
				CC3ACE622E6E88B700F63EA6 /* Products */,
			);
			sourceTree = "<group>";
		};
		CC3ACE622E6E88B700F63EA6 /* Products */ = {
			isa = PBXGroup;
			children = (
				CC3ACE612E6E88B700F63EA6 /* Trench Assistant.app */,
				CC3ACE712E6E88BA00F63EA6 /* Trench AssistantTests.xctest */,
				CC3ACE7B2E6E88BA00F63EA6 /* Trench AssistantUITests.xctest */,
			);
			name = Products;
			sourceTree = "<group>";
		};
		CC3ACE632E6E88B700F63EA6 /* Trench Assistant */ = {
			isa = PBXGroup;
			children = (
				CC3ACE642E6E88B700F63EA6 /* Trench_AssistantApp.swift */,
				CC3ACE662E6E88B700F63EA6 /* ContentView.swift */,
				CC3ACE682E6E88BA00F63EA6 /* Assets.xcassets */,
				CC3ACE6A2E6E88BA00F63EA6 /* Preview Content */,
				CC3ACE8E2E6E88F500F63EA6 /* DiceEngine.swift */,
			);
			path = "Trench Assistant";
			sourceTree = "<group>";
		};
		CC3ACE6A2E6E88BA00F63EA6 /* Preview Content */ = {
			isa = PBXGroup;
			children = (
				CC3ACE6B2E6E88BA00F63EA6 /* Preview Assets.xcassets */,
			);
			path = "Preview Content";
			sourceTree = "<group>";
		};
		CC3ACE742E6E88BA00F63EA6 /* Trench AssistantTests */ = {
			isa = PBXGroup;
			children = (
				CC3ACE752E6E88BA00F63EA6 /* Trench_AssistantTests.swift */,
			);
			path = "Trench AssistantTests";
			sourceTree = "<group>";
		};
		CC3ACE7E2E6E88BA00F63EA6 /* Trench AssistantUITests */ = {
			isa = PBXGroup;
			children = (
				CC3ACE7F2E6E88BA00F63EA6 /* Trench_AssistantUITests.swift */,
				CC3ACE812E6E88BA00F63EA6 /* Trench_AssistantUITestsLaunchTests.swift */,
			);
			path = "Trench AssistantUITests";
			sourceTree = "<group>";
		};
/* End PBXGroup section */

/* Begin PBXNativeTarget section */
		CC3ACE602E6E88B700F63EA6 /* Trench Assistant */ = {
			isa = PBXNativeTarget;
			buildConfigurationList = CC3ACE852E6E88BA00F63EA6 /* Build configuration list for PBXNativeTarget "Trench Assistant" */;
			buildPhases = (
				CC3ACE5D2E6E88B700F63EA6 /* Sources */,
				CC3ACE5E2E6E88B700F63EA6 /* Frameworks */,
				CC3ACE5F2E6E88B700F63EA6 /* Resources */,
			);
			buildRules = (
			);
			dependencies = (
			);
			name = "Trench Assistant";
			productName = "Trench Assistant";
			productReference = CC3ACE612E6E88B700F63EA6 /* Trench Assistant.app */;
			productType = "com.apple.product-type.application";
		};
		CC3ACE702E6E88BA00F63EA6 /* Trench AssistantTests */ = {
			isa = PBXNativeTarget;
			buildConfigurationList = CC3ACE882E6E88BA00F63EA6 /* Build configuration list for PBXNativeTarget "Trench AssistantTests" */;
			buildPhases = (
				CC3ACE6D2E6E88BA00F63EA6 /* Sources */,
				CC3ACE6E2E6E88BA00F63EA6 /* Frameworks */,
				CC3ACE6F2E6E88BA00F63EA6 /* Resources */,
			);
			buildRules = (
			);
			dependencies = (
				CC3ACE732E6E88BA00F63EA6 /* PBXTargetDependency */,
			);
			name = "Trench AssistantTests";
			productName = "Trench AssistantTests";
			productReference = CC3ACE712E6E88BA00F63EA6 /* Trench AssistantTests.xctest */;
			productType = "com.apple.product-type.bundle.unit-test";
		};
		CC3ACE7A2E6E88BA00F63EA6 /* Trench AssistantUITests */ = {
			isa = PBXNativeTarget;
			buildConfigurationList = CC3ACE8B2E6E88BA00F63EA6 /* Build configuration list for PBXNativeTarget "Trench AssistantUITests" */;
			buildPhases = (
				CC3ACE772E6E88BA00F63EA6 /* Sources */,
				CC3ACE782E6E88BA00F63EA6 /* Frameworks */,
				CC3ACE792E6E88BA00F63EA6 /* Resources */,
			);
			buildRules = (
			);
			dependencies = (
				CC3ACE7D2E6E88BA00F63EA6 /* PBXTargetDependency */,
			);
			name = "Trench AssistantUITests";
			productName = "Trench AssistantUITests";
			productReference = CC3ACE7B2E6E88BA00F63EA6 /* Trench AssistantUITests.xctest */;
			productType = "com.apple.product-type.bundle.ui-testing";
		};
/* End PBXNativeTarget section */

/* Begin PBXProject section */
		CC3ACE592E6E88B700F63EA6 /* Project object */ = {
			isa = PBXProject;
			attributes = {
				BuildIndependentTargetsInParallel = 1;
				LastSwiftUpdateCheck = 1340;
				LastUpgradeCheck = 1340;
				TargetAttributes = {
					CC3ACE602E6E88B700F63EA6 = {
						CreatedOnToolsVersion = 13.4.1;
					};
					CC3ACE702E6E88BA00F63EA6 = {
						CreatedOnToolsVersion = 13.4.1;
						TestTargetID = CC3ACE602E6E88B700F63EA6;
					};
					CC3ACE7A2E6E88BA00F63EA6 = {
						CreatedOnToolsVersion = 13.4.1;
						TestTargetID = CC3ACE602E6E88B700F63EA6;
					};
				};
			};
			buildConfigurationList = CC3ACE5C2E6E88B700F63EA6 /* Build configuration list for PBXProject "Trench Assistant" */;
			compatibilityVersion = "Xcode 13.0";
			developmentRegion = en;
			hasScannedForEncodings = 0;
			knownRegions = (
				en,
				Base,
			);
			mainGroup = CC3ACE582E6E88B700F63EA6;
			productRefGroup = CC3ACE622E6E88B700F63EA6 /* Products */;
			projectDirPath = "";
			projectRoot = "";
			targets = (
				CC3ACE602E6E88B700F63EA6 /* Trench Assistant */,
				CC3ACE702E6E88BA00F63EA6 /* Trench AssistantTests */,
				CC3ACE7A2E6E88BA00F63EA6 /* Trench AssistantUITests */,
			);
		};
/* End PBXProject section */

/* Begin PBXResourcesBuildPhase section */
		CC3ACE5F2E6E88B700F63EA6 /* Resources */ = {
			isa = PBXResourcesBuildPhase;
			buildActionMask = 2147483647;
			files = (
				CC3ACE6C2E6E88BA00F63EA6 /* Preview Assets.xcassets in Resources */,
				CC3ACE692E6E88BA00F63EA6 /* Assets.xcassets in Resources */,
			);
			runOnlyForDeploymentPostprocessing = 0;
		};
		CC3ACE6F2E6E88BA00F63EA6 /* Resources */ = {
			isa = PBXResourcesBuildPhase;
			buildActionMask = 2147483647;
			files = (
			);
			runOnlyForDeploymentPostprocessing = 0;
		};
		CC3ACE792E6E88BA00F63EA6 /* Resources */ = {
			isa = PBXResourcesBuildPhase;
			buildActionMask = 2147483647;
			files = (
			);
			runOnlyForDeploymentPostprocessing = 0;
		};
/* End PBXResourcesBuildPhase section */

/* Begin PBXSourcesBuildPhase section */
		CC3ACE5D2E6E88B700F63EA6 /* Sources */ = {
			isa = PBXSourcesBuildPhase;
			buildActionMask = 2147483647;
			files = (
				CC3ACE8F2E6E88F600F63EA6 /* DiceEngine.swift in Sources */,
				CC3ACE672E6E88B700F63EA6 /* ContentView.swift in Sources */,
				CC3ACE652E6E88B700F63EA6 /* Trench_AssistantApp.swift in Sources */,
			);
			runOnlyForDeploymentPostprocessing = 0;
		};
		CC3ACE6D2E6E88BA00F63EA6 /* Sources */ = {
			isa = PBXSourcesBuildPhase;
			buildActionMask = 2147483647;
			files = (
				CC3ACE762E6E88BA00F63EA6 /* Trench_AssistantTests.swift in Sources */,
			);
			runOnlyForDeploymentPostprocessing = 0;
		};
		CC3ACE772E6E88BA00F63EA6 /* Sources */ = {
			isa = PBXSourcesBuildPhase;
			buildActionMask = 2147483647;
			files = (
				CC3ACE802E6E88BA00F63EA6 /* Trench_AssistantUITests.swift in Sources */,
				CC3ACE822E6E88BA00F63EA6 /* Trench_AssistantUITestsLaunchTests.swift in Sources */,
			);
			runOnlyForDeploymentPostprocessing = 0;
		};
/* End PBXSourcesBuildPhase section */

/* Begin PBXTargetDependency section */
		CC3ACE732E6E88BA00F63EA6 /* PBXTargetDependency */ = {
			isa = PBXTargetDependency;
			target = CC3ACE602E6E88B700F63EA6 /* Trench Assistant */;
			targetProxy = CC3ACE722E6E88BA00F63EA6 /* PBXContainerItemProxy */;
		};
		CC3ACE7D2E6E88BA00F63EA6 /* PBXTargetDependency */ = {
			isa = PBXTargetDependency;
			target = CC3ACE602E6E88B700F63EA6 /* Trench Assistant */;
			targetProxy = CC3ACE7C2E6E88BA00F63EA6 /* PBXContainerItemProxy */;
		};
/* End PBXTargetDependency section */

/* Begin XCBuildConfiguration section */
		CC3ACE832E6E88BA00F63EA6 /* Debug */ = {
			isa = XCBuildConfiguration;
			buildSettings = {
				ALWAYS_SEARCH_USER_PATHS = NO;
				CLANG_ANALYZER_NONNULL = YES;
				CLANG_ANALYZER_NUMBER_OBJECT_CONVERSION = YES_AGGRESSIVE;
				CLANG_CXX_LANGUAGE_STANDARD = "gnu++17";
				CLANG_ENABLE_MODULES = YES;
				CLANG_ENABLE_OBJC_ARC = YES;
				CLANG_ENABLE_OBJC_WEAK = YES;
				CLANG_WARN_BLOCK_CAPTURE_AUTORELEASING = YES;
				CLANG_WARN_BOOL_CONVERSION = YES;
				CLANG_WARN_COMMA = YES;
				CLANG_WARN_CONSTANT_CONVERSION = YES;
				CLANG_WARN_DEPRECATED_OBJC_IMPLEMENTATIONS = YES;
				CLANG_WARN_DIRECT_OBJC_ISA_USAGE = YES_ERROR;
				CLANG_WARN_DOCUMENTATION_COMMENTS = YES;
				CLANG_WARN_EMPTY_BODY = YES;
				CLANG_WARN_ENUM_CONVERSION = YES;
				CLANG_WARN_INFINITE_RECURSION = YES;
				CLANG_WARN_INT_CONVERSION = YES;
				CLANG_WARN_NON_LITERAL_NULL_CONVERSION = YES;
				CLANG_WARN_OBJC_IMPLICIT_RETAIN_SELF = YES;
				CLANG_WARN_OBJC_LITERAL_CONVERSION = YES;
				CLANG_WARN_OBJC_ROOT_CLASS = YES_ERROR;
				CLANG_WARN_QUOTED_INCLUDE_IN_FRAMEWORK_HEADER = YES;
				CLANG_WARN_RANGE_LOOP_ANALYSIS = YES;
				CLANG_WARN_STRICT_PROTOTYPES = YES;
				CLANG_WARN_SUSPICIOUS_MOVE = YES;
				CLANG_WARN_UNGUARDED_AVAILABILITY = YES_AGGRESSIVE;
				CLANG_WARN_UNREACHABLE_CODE = YES;
				CLANG_WARN__DUPLICATE_METHOD_MATCH = YES;
				COPY_PHASE_STRIP = NO;
				DEBUG_INFORMATION_FORMAT = dwarf;
				ENABLE_STRICT_OBJC_MSGSEND = YES;
				ENABLE_TESTABILITY = YES;
				GCC_C_LANGUAGE_STANDARD = gnu11;
				GCC_DYNAMIC_NO_PIC = NO;
				GCC_NO_COMMON_BLOCKS = YES;
				GCC_OPTIMIZATION_LEVEL = 0;
				GCC_PREPROCESSOR_DEFINITIONS = (
					"DEBUG=1",
					"$(inherited)",
				);
				GCC_WARN_64_TO_32_BIT_CONVERSION = YES;
				GCC_WARN_ABOUT_RETURN_TYPE = YES_ERROR;
				GCC_WARN_UNDECLARED_SELECTOR = YES;
				GCC_WARN_UNINITIALIZED_AUTOS = YES_AGGRESSIVE;
				GCC_WARN_UNUSED_FUNCTION = YES;
				GCC_WARN_UNUSED_VARIABLE = YES;
				IPHONEOS_DEPLOYMENT_TARGET = 15.5;
				MTL_ENABLE_DEBUG_INFO = INCLUDE_SOURCE;
				MTL_FAST_MATH = YES;
				ONLY_ACTIVE_ARCH = YES;
				SDKROOT = iphoneos;
				SWIFT_ACTIVE_COMPILATION_CONDITIONS = DEBUG;
				SWIFT_OPTIMIZATION_LEVEL = "-Onone";
			};
			name = Debug;
		};
		CC3ACE842E6E88BA00F63EA6 /* Release */ = {
			isa = XCBuildConfiguration;
			buildSettings = {
				ALWAYS_SEARCH_USER_PATHS = NO;
				CLANG_ANALYZER_NONNULL = YES;
				CLANG_ANALYZER_NUMBER_OBJECT_CONVERSION = YES_AGGRESSIVE;
				CLANG_CXX_LANGUAGE_STANDARD = "gnu++17";
				CLANG_ENABLE_MODULES = YES;
				CLANG_ENABLE_OBJC_ARC = YES;
				CLANG_ENABLE_OBJC_WEAK = YES;
				CLANG_WARN_BLOCK_CAPTURE_AUTORELEASING = YES;
				CLANG_WARN_BOOL_CONVERSION = YES;
				CLANG_WARN_COMMA = YES;
				CLANG_WARN_CONSTANT_CONVERSION = YES;
				CLANG_WARN_DEPRECATED_OBJC_IMPLEMENTATIONS = YES;
				CLANG_WARN_DIRECT_OBJC_ISA_USAGE = YES_ERROR;
				CLANG_WARN_DOCUMENTATION_COMMENTS = YES;
				CLANG_WARN_EMPTY_BODY = YES;
				CLANG_WARN_ENUM_CONVERSION = YES;
				CLANG_WARN_INFINITE_RECURSION = YES;
				CLANG_WARN_INT_CONVERSION = YES;
				CLANG_WARN_NON_LITERAL_NULL_CONVERSION = YES;
				CLANG_WARN_OBJC_IMPLICIT_RETAIN_SELF = YES;
				CLANG_WARN_OBJC_LITERAL_CONVERSION = YES;
				CLANG_WARN_OBJC_ROOT_CLASS = YES_ERROR;
				CLANG_WARN_QUOTED_INCLUDE_IN_FRAMEWORK_HEADER = YES;
				CLANG_WARN_RANGE_LOOP_ANALYSIS = YES;
				CLANG_WARN_STRICT_PROTOTYPES = YES;
				CLANG_WARN_SUSPICIOUS_MOVE = YES;
				CLANG_WARN_UNGUARDED_AVAILABILITY = YES_AGGRESSIVE;
				CLANG_WARN_UNREACHABLE_CODE = YES;
				CLANG_WARN__DUPLICATE_METHOD_MATCH = YES;
				COPY_PHASE_STRIP = NO;
				DEBUG_INFORMATION_FORMAT = "dwarf-with-dsym";
				ENABLE_NS_ASSERTIONS = NO;
				ENABLE_STRICT_OBJC_MSGSEND = YES;
				GCC_C_LANGUAGE_STANDARD = gnu11;
				GCC_NO_COMMON_BLOCKS = YES;
				GCC_WARN_64_TO_32_BIT_CONVERSION = YES;
				GCC_WARN_ABOUT_RETURN_TYPE = YES_ERROR;
				GCC_WARN_UNDECLARED_SELECTOR = YES;
				GCC_WARN_UNINITIALIZED_AUTOS = YES_AGGRESSIVE;
				GCC_WARN_UNUSED_FUNCTION = YES;
				GCC_WARN_UNUSED_VARIABLE = YES;
				IPHONEOS_DEPLOYMENT_TARGET = 15.5;
				MTL_ENABLE_DEBUG_INFO = NO;
				MTL_FAST_MATH = YES;
				SDKROOT = iphoneos;
				SWIFT_COMPILATION_MODE = wholemodule;
				SWIFT_OPTIMIZATION_LEVEL = "-O";
				VALIDATE_PRODUCT = YES;
			};
			name = Release;
		};
		CC3ACE862E6E88BA00F63EA6 /* Debug */ = {
			isa = XCBuildConfiguration;
			buildSettings = {
				ASSETCATALOG_COMPILER_APPICON_NAME = AppIcon;
				ASSETCATALOG_COMPILER_GLOBAL_ACCENT_COLOR_NAME = AccentColor;
				CODE_SIGN_STYLE = Automatic;
				CURRENT_PROJECT_VERSION = 1;
				DEVELOPMENT_ASSET_PATHS = "\"Trench Assistant/Preview Content\"";
				ENABLE_PREVIEWS = YES;
				GENERATE_INFOPLIST_FILE = YES;
				INFOPLIST_KEY_UIApplicationSceneManifest_Generation = YES;
				INFOPLIST_KEY_UIApplicationSupportsIndirectInputEvents = YES;
				INFOPLIST_KEY_UILaunchScreen_Generation = YES;
				INFOPLIST_KEY_UISupportedInterfaceOrientations_iPad = "UIInterfaceOrientationPortrait UIInterfaceOrientationPortraitUpsideDown UIInterfaceOrientationLandscapeLeft UIInterfaceOrientationLandscapeRight";
				INFOPLIST_KEY_UISupportedInterfaceOrientations_iPhone = "UIInterfaceOrientationPortrait UIInterfaceOrientationLandscapeLeft UIInterfaceOrientationLandscapeRight";
				LD_RUNPATH_SEARCH_PATHS = (
					"$(inherited)",
					"@executable_path/Frameworks",
				);
				MARKETING_VERSION = 1.0;
				PRODUCT_BUNDLE_IDENTIFIER = "FredCode.Trench-Assistant";
				PRODUCT_NAME = "$(TARGET_NAME)";
				SWIFT_EMIT_LOC_STRINGS = YES;
				SWIFT_VERSION = 5.0;
				TARGETED_DEVICE_FAMILY = "1,2";
			};
			name = Debug;
		};
		CC3ACE872E6E88BA00F63EA6 /* Release */ = {
			isa = XCBuildConfiguration;
			buildSettings = {
				ASSETCATALOG_COMPILER_APPICON_NAME = AppIcon;
				ASSETCATALOG_COMPILER_GLOBAL_ACCENT_COLOR_NAME = AccentColor;
				CODE_SIGN_STYLE = Automatic;
				CURRENT_PROJECT_VERSION = 1;
				DEVELOPMENT_ASSET_PATHS = "\"Trench Assistant/Preview Content\"";
				ENABLE_PREVIEWS = YES;
				GENERATE_INFOPLIST_FILE = YES;
				INFOPLIST_KEY_UIApplicationSceneManifest_Generation = YES;
				INFOPLIST_KEY_UIApplicationSupportsIndirectInputEvents = YES;
				INFOPLIST_KEY_UILaunchScreen_Generation = YES;
				INFOPLIST_KEY_UISupportedInterfaceOrientations_iPad = "UIInterfaceOrientationPortrait UIInterfaceOrientationPortraitUpsideDown UIInterfaceOrientationLandscapeLeft UIInterfaceOrientationLandscapeRight";
				INFOPLIST_KEY_UISupportedInterfaceOrientations_iPhone = "UIInterfaceOrientationPortrait UIInterfaceOrientationLandscapeLeft UIInterfaceOrientationLandscapeRight";
				LD_RUNPATH_SEARCH_PATHS = (
					"$(inherited)",
					"@executable_path/Frameworks",
				);
				MARKETING_VERSION = 1.0;
				PRODUCT_BUNDLE_IDENTIFIER = "FredCode.Trench-Assistant";
				PRODUCT_NAME = "$(TARGET_NAME)";
				SWIFT_EMIT_LOC_STRINGS = YES;
				SWIFT_VERSION = 5.0;
				TARGETED_DEVICE_FAMILY = "1,2";
			};
			name = Release;
		};
		CC3ACE892E6E88BA00F63EA6 /* Debug */ = {
			isa = XCBuildConfiguration;
			buildSettings = {
				ALWAYS_EMBED_SWIFT_STANDARD_LIBRARIES = YES;
				BUNDLE_LOADER = "$(TEST_HOST)";
				CODE_SIGN_STYLE = Automatic;
				CURRENT_PROJECT_VERSION = 1;
				GENERATE_INFOPLIST_FILE = YES;
				IPHONEOS_DEPLOYMENT_TARGET = 15.5;
				MARKETING_VERSION = 1.0;
				PRODUCT_BUNDLE_IDENTIFIER = "FredCode.Trench-AssistantTests";
				PRODUCT_NAME = "$(TARGET_NAME)";
				SWIFT_EMIT_LOC_STRINGS = NO;
				SWIFT_VERSION = 5.0;
				TARGETED_DEVICE_FAMILY = "1,2";
				TEST_HOST = "$(BUILT_PRODUCTS_DIR)/Trench Assistant.app/Trench Assistant";
			};
			name = Debug;
		};
		CC3ACE8A2E6E88BA00F63EA6 /* Release */ = {
			isa = XCBuildConfiguration;
			buildSettings = {
				ALWAYS_EMBED_SWIFT_STANDARD_LIBRARIES = YES;
				BUNDLE_LOADER = "$(TEST_HOST)";
				CODE_SIGN_STYLE = Automatic;
				CURRENT_PROJECT_VERSION = 1;
				GENERATE_INFOPLIST_FILE = YES;
				IPHONEOS_DEPLOYMENT_TARGET = 15.5;
				MARKETING_VERSION = 1.0;
				PRODUCT_BUNDLE_IDENTIFIER = "FredCode.Trench-AssistantTests";
				PRODUCT_NAME = "$(TARGET_NAME)";
				SWIFT_EMIT_LOC_STRINGS = NO;
				SWIFT_VERSION = 5.0;
				TARGETED_DEVICE_FAMILY = "1,2";
				TEST_HOST = "$(BUILT_PRODUCTS_DIR)/Trench Assistant.app/Trench Assistant";
			};
			name = Release;
		};
		CC3ACE8C2E6E88BA00F63EA6 /* Debug */ = {
			isa = XCBuildConfiguration;
			buildSettings = {
				ALWAYS_EMBED_SWIFT_STANDARD_LIBRARIES = YES;
				CODE_SIGN_STYLE = Automatic;
				CURRENT_PROJECT_VERSION = 1;
				GENERATE_INFOPLIST_FILE = YES;
				MARKETING_VERSION = 1.0;
				PRODUCT_BUNDLE_IDENTIFIER = "FredCode.Trench-AssistantUITests";
				PRODUCT_NAME = "$(TARGET_NAME)";
				SWIFT_EMIT_LOC_STRINGS = NO;
				SWIFT_VERSION = 5.0;
				TARGETED_DEVICE_FAMILY = "1,2";
				TEST_TARGET_NAME = "Trench Assistant";
			};
			name = Debug;
		};
		CC3ACE8D2E6E88BA00F63EA6 /* Release */ = {
			isa = XCBuildConfiguration;
			buildSettings = {
				ALWAYS_EMBED_SWIFT_STANDARD_LIBRARIES = YES;
				CODE_SIGN_STYLE = Automatic;
				CURRENT_PROJECT_VERSION = 1;
				GENERATE_INFOPLIST_FILE = YES;
				MARKETING_VERSION = 1.0;
				PRODUCT_BUNDLE_IDENTIFIER = "FredCode.Trench-AssistantUITests";
				PRODUCT_NAME = "$(TARGET_NAME)";
				SWIFT_EMIT_LOC_STRINGS = NO;
				SWIFT_VERSION = 5.0;
				TARGETED_DEVICE_FAMILY = "1,2";
				TEST_TARGET_NAME = "Trench Assistant";
			};
			name = Release;
		};
/* End XCBuildConfiguration section */

/* Begin XCConfigurationList section */
		CC3ACE5C2E6E88B700F63EA6 /* Build configuration list for PBXProject "Trench Assistant" */ = {
			isa = XCConfigurationList;
			buildConfigurations = (
				CC3ACE832E6E88BA00F63EA6 /* Debug */,
				CC3ACE842E6E88BA00F63EA6 /* Release */,
			);
			defaultConfigurationIsVisible = 0;
			defaultConfigurationName = Release;
		};
		CC3ACE852E6E88BA00F63EA6 /* Build configuration list for PBXNativeTarget "Trench Assistant" */ = {
			isa = XCConfigurationList;
			buildConfigurations = (
				CC3ACE862E6E88BA00F63EA6 /* Debug */,
				CC3ACE872E6E88BA00F63EA6 /* Release */,
			);
			defaultConfigurationIsVisible = 0;
			defaultConfigurationName = Release;
		};
		CC3ACE882E6E88BA00F63EA6 /* Build configuration list for PBXNativeTarget "Trench AssistantTests" */ = {
			isa = XCConfigurationList;
			buildConfigurations = (
				CC3ACE892E6E88BA00F63EA6 /* Debug */,
				CC3ACE8A2E6E88BA00F63EA6 /* Release */,
			);
			defaultConfigurationIsVisible = 0;
			defaultConfigurationName = Release;
		};
		CC3ACE8B2E6E88BA00F63EA6 /* Build configuration list for PBXNativeTarget "Trench AssistantUITests" */ = {
			isa = XCConfigurationList;
			buildConfigurations = (
				CC3ACE8C2E6E88BA00F63EA6 /* Debug */,
				CC3ACE8D2E6E88BA00F63EA6 /* Release */,
			);
			defaultConfigurationIsVisible = 0;
			defaultConfigurationName = Release;
		};
/* End XCConfigurationList section */
	};
	rootObject = CC3ACE592E6E88B700F63EA6 /* Project object */;
}
